{
  "originHash" : "4d3f73b4417803c1630eb122ef3a1b0f16c2d0a0c25581c65fca67fc42cad0a9",
  "pins" : [
    {
      "identity" : "component1",
      "kind" : "remoteSourceControl",
      "location" : "https://github.com/rakeshashastri/Component1.git",
      "state" : {
        "revision" : "2bd8221777dc3281b66a49b3df4f580947207815",
        "version" : "0.1.1"
      }
    },
    {
      "identity" : "component2",
      "kind" : "remoteSourceControl",
      "location" : "https://github.com/rakeshashastri/Component2.git",
      "state" : {
        "revision" : "a7658346c84750eea13cbb1a13bb9d18462a381e",
        "version" : "0.1.1"
      }
    },
    {
      "identity" : "core",
      "kind" : "remoteSourceControl",
      "location" : "https://github.com/rakeshashastri/Core.git",
      "state" : {
        "revision" : "941e4f87e70f4230f3c178735d5b2b0e7e83eaff",
        "version" : "0.1.2"
      }
    }
  ],
  "version" : 3
}
