{
  "originHash" : "4d3f73b4417803c1630eb122ef3a1b0f16c2d0a0c25581c65fca67fc42cad0a9",
  "pins" : [
    {
      "identity" : "component1",
      "kind" : "remoteSourceControl",
      "location" : "https://github.com/rakeshashastri/Component1.git",
      "state" : {
        "revision" : "4e8b15f842a976ffc361f95cdaf79a0c4e3d8297",
        "version" : "0.2.3"
      }
    },
    {
      "identity" : "component2",
      "kind" : "remoteSourceControl",
      "location" : "https://github.com/rakeshashastri/Component2.git",
      "state" : {
        "revision" : "ca13c752676305839bfd50d1e31c6c164ef3c492",
        "version" : "0.2.1"
      }
    },
    {
      "identity" : "core",
      "kind" : "remoteSourceControl",
      "location" : "https://github.com/rakeshashastri/Core.git",
      "state" : {
        "revision" : "1a05ffa8d96ece9b28eb2140b5b69c478ad22f6d",
        "version" : "0.1.3"
      }
    }
  ],
  "version" : 3
}
