{
  "originHash" : "4d3f73b4417803c1630eb122ef3a1b0f16c2d0a0c25581c65fca67fc42cad0a9",
  "pins" : [
    {
      "identity" : "component1",
      "kind" : "remoteSourceControl",
      "location" : "https://github.com/rakeshashastri/Component1.git",
      "state" : {
        "revision" : "2bd8221777dc3281b66a49b3df4f580947207815",
        "version" : "0.1.1"
      }
    },
    {
      "identity" : "component2",
      "kind" : "remoteSourceControl",
      "location" : "https://github.com/rakeshashastri/Component2.git",
      "state" : {
        "revision" : "1821fa7122f337bfb459d3c64d00142a6c7f2e5f",
        "version" : "0.1.0"
      }
    },
    {
      "identity" : "core",
      "kind" : "remoteSourceControl",
      "location" : "https://github.com/rakeshashastri/Core.git",
      "state" : {
        "revision" : "f580dd304ceab58a90b188ebf734c1126ab95019",
        "version" : "0.1.1"
      }
    }
  ],
  "version" : 3
}
